
Microsoft Visual Studio Solution File, Format Version 12.00
# Visual Studio Version 16
VisualStudioVersion = 16.0.36107.64
MinimumVisualStudioVersion = 10.0.40219.1
Project("{8BC9CEB8-8B4A-11D0-8D11-00A0C91BC942}") = "1Pico_MultiCore", "1Pico_MultiCore.vcxproj", "{23E37A2A-5196-43A9-AEE1-722BC581D610}"
EndProject
Global
	GlobalSection(SolutionConfigurationPlatforms) = preSolution
		Debug|ARM = Debug|ARM
		Debug|ARM64 = Debug|ARM64
		Release|ARM = Release|ARM
		Release|ARM64 = Release|ARM64
	EndGlobalSection
	GlobalSection(ProjectConfigurationPlatforms) = postSolution
		{23E37A2A-5196-43A9-AEE1-722BC581D610}.Debug|ARM.ActiveCfg = Debug|ARM
		{23E37A2A-5196-43A9-AEE1-722BC581D610}.Debug|ARM.Build.0 = Debug|ARM
		{23E37A2A-5196-43A9-AEE1-722BC581D610}.Debug|ARM.Deploy.0 = Debug|ARM
		{23E37A2A-5196-43A9-AEE1-722BC581D610}.Debug|ARM64.ActiveCfg = Debug|ARM64
		{23E37A2A-5196-43A9-AEE1-722BC581D610}.Debug|ARM64.Build.0 = Debug|ARM64
		{23E37A2A-5196-43A9-AEE1-722BC581D610}.Debug|ARM64.Deploy.0 = Debug|ARM64
		{23E37A2A-5196-43A9-AEE1-722BC581D610}.Release|ARM.ActiveCfg = Release|ARM
		{23E37A2A-5196-43A9-AEE1-722BC581D610}.Release|ARM.Build.0 = Release|ARM
		{23E37A2A-5196-43A9-AEE1-722BC581D610}.Release|ARM.Deploy.0 = Release|ARM
		{23E37A2A-5196-43A9-AEE1-722BC581D610}.Release|ARM64.ActiveCfg = Release|ARM64
		{23E37A2A-5196-43A9-AEE1-722BC581D610}.Release|ARM64.Build.0 = Release|ARM64
		{23E37A2A-5196-43A9-AEE1-722BC581D610}.Release|ARM64.Deploy.0 = Release|ARM64
	EndGlobalSection
	GlobalSection(SolutionProperties) = preSolution
		HideSolutionNode = FALSE
	EndGlobalSection
	GlobalSection(ExtensibilityGlobals) = postSolution
		SolutionGuid = {29CC519F-9DF6-4B8F-BBCB-3954A069BC2A}
	EndGlobalSection
EndGlobal
